{
  "nodes": {
    "helix-plugin": {
      "inputs": {
        "nixpkgs": [
          "nixpkgs"
        ],
        "rust-overlay": [
          "rust-overlay"
        ]
      },
      "locked": {
        "lastModified": 1762973522,
        "narHash": "sha256-CFyvvZvKDkTFF7niIQp5hhks5OR1u10H3e89chURCkg=",
        "owner": "mattwparas",
        "repo": "helix",
        "rev": "948ac05aa0db64e0e5d00710db36eb244076e988",
        "type": "github"
      },
      "original": {
        "owner": "mattwparas",
        "repo": "helix",
        "type": "github"
      }
    },
    "home-manager": {
      "inputs": {
        "nixpkgs": [
          "nixpkgs"
        ]
      },
      "locked": {
        "lastModified": 1766292113,
        "narHash": "sha256-sWTtmkQujRpjWYCnZc8LWdDiCzrRlSBPrGovkZpLkBI=",
        "owner": "nix-community",
        "repo": "home-manager",
        "rev": "fdec8815a86db36f42fc9c8cb2931cd8485f5aed",
        "type": "github"
      },
      "original": {
        "owner": "nix-community",
        "ref": "release-25.11",
        "repo": "home-manager",
        "type": "github"
      }
    },
    "nixpkgs": {
      "locked": {
        "lastModified": 1766201043,
        "narHash": "sha256-eplAP+rorKKd0gNjV3rA6+0WMzb1X1i16F5m5pASnjA=",
        "owner": "NixOS",
        "repo": "nixpkgs",
        "rev": "b3aad468604d3e488d627c0b43984eb60e75e782",
        "type": "github"
      },
      "original": {
        "id": "nixpkgs",
        "ref": "nixos-25.11",
        "type": "indirect"
      }
    },
    "nixpkgs-unstable": {
      "locked": {
        "lastModified": 1766070988,
        "narHash": "sha256-G/WVghka6c4bAzMhTwT2vjLccg/awmHkdKSd2JrycLc=",
        "owner": "NixOS",
        "repo": "nixpkgs",
        "rev": "c6245e83d836d0433170a16eb185cefe0572f8b8",
        "type": "github"
      },
      "original": {
        "id": "nixpkgs",
        "ref": "nixos-unstable",
        "type": "indirect"
      }
    },
    "root": {
      "inputs": {
        "helix-plugin": "helix-plugin",
        "home-manager": "home-manager",
        "nixpkgs": "nixpkgs",
        "nixpkgs-unstable": "nixpkgs-unstable",
        "rust-overlay": "rust-overlay"
      }
    },
    "rust-overlay": {
      "inputs": {
        "nixpkgs": [
          "nixpkgs"
        ]
      },
      "locked": {
        "lastModified": 1766285238,
        "narHash": "sha256-DqVXFZ4ToiFHgnxebMWVL70W+U+JOxpmfD37eWD/Qc8=",
        "owner": "oxalica",
        "repo": "rust-overlay",
        "rev": "c4249d0c370d573d95e33b472014eae4f2507c2f",
        "type": "github"
      },
      "original": {
        "owner": "oxalica",
        "repo": "rust-overlay",
        "type": "github"
      }
    }
  },
  "root": "root",
  "version": 7
}
